
Microsoft Visual Studio Solution File, Format Version 12.00
# Visual Studio 15
VisualStudioVersion = 15.0.26730.12
MinimumVisualStudioVersion = 10.0.40219.1
Project("{FAE04EC0-301F-11D3-BF4B-00C04F79EFBC}") = "WebApi", "WebApi\WebApi.csproj", "{DC64BEA9-3566-4DAE-AFFE-57B6D543FEED}"
EndProject
Global
	GlobalSection(SolutionConfigurationPlatforms) = preSolution
		Debug|Any CPU = Debug|Any CPU
		Release|Any CPU = Release|Any CPU
	EndGlobalSection
	GlobalSection(ProjectConfigurationPlatforms) = postSolution
		{DC64BEA9-3566-4DAE-AFFE-57B6D543FEED}.Debug|Any CPU.ActiveCfg = Debug|Any CPU
		{DC64BEA9-3566-4DAE-AFFE-57B6D543FEED}.Debug|Any CPU.Build.0 = Debug|Any CPU
		{DC64BEA9-3566-4DAE-AFFE-57B6D543FEED}.Release|Any CPU.ActiveCfg = Release|Any CPU
		{DC64BEA9-3566-4DAE-AFFE-57B6D543FEED}.Release|Any CPU.Build.0 = Release|Any CPU
	EndGlobalSection
	GlobalSection(SolutionProperties) = preSolution
		HideSolutionNode = FALSE
	EndGlobalSection
	GlobalSection(ExtensibilityGlobals) = postSolution
		SolutionGuid = {A85E3044-54CC-4541-8D6C-E7F5EF128804}
	EndGlobalSection
EndGlobal
